// !$*UTF8*$!
{
	archiveVersion = 1;
	classes = {
	};
	objectVersion = 77;
	objects = {

/* Begin PBXBuildFile section */
		D302E1892DAF1C340096BF96 /* WidgetKit.framework in Frameworks */ = {isa = PBXBuildFile; fileRef = D302E1882DAF1C340096BF96 /* WidgetKit.framework */; };
		D302E18B2DAF1C340096BF96 /* SwiftUI.framework in Frameworks */ = {isa = PBXBuildFile; fileRef = D302E18A2DAF1C340096BF96 /* SwiftUI.framework */; };
		D302E1982DAF1C350096BF96 /* WidgetStepCountExtension.appex in Embed Foundation Extensions */ = {isa = PBXBuildFile; fileRef = D302E1862DAF1C340096BF96 /* WidgetStepCountExtension.appex */; settings = {ATTRIBUTES = (RemoveHeadersOnCopy, ); }; };
/* End PBXBuildFile section */

/* Begin PBXContainerItemProxy section */
		D302E1962DAF1C350096BF96 /* PBXContainerItemProxy */ = {
			isa = PBXContainerItemProxy;
			containerPortal = C0BE73FA2DAF038D002B89DF /* Project object */;
			proxyType = 1;
			remoteGlobalIDString = D302E1852DAF1C340096BF96;
			remoteInfo = WidgetStepCountExtension;
		};
/* End PBXContainerItemProxy section */

/* Begin PBXCopyFilesBuildPhase section */
		D302E1992DAF1C350096BF96 /* Embed Foundation Extensions */ = {
			isa = PBXCopyFilesBuildPhase;
			buildActionMask = 2147483647;
			dstPath = "";
			dstSubfolderSpec = 13;
			files = (
				D302E1982DAF1C350096BF96 /* WidgetStepCountExtension.appex in Embed Foundation Extensions */,
			);
			name = "Embed Foundation Extensions";
			runOnlyForDeploymentPostprocessing = 0;
		};
/* End PBXCopyFilesBuildPhase section */

/* Begin PBXFileReference section */
		C0BE74022DAF038D002B89DF /* CountingSteps-Widget.app */ = {isa = PBXFileReference; explicitFileType = wrapper.application; includeInIndex = 0; path = "CountingSteps-Widget.app"; sourceTree = BUILT_PRODUCTS_DIR; };
		D302E1862DAF1C340096BF96 /* WidgetStepCountExtension.appex */ = {isa = PBXFileReference; explicitFileType = "wrapper.app-extension"; includeInIndex = 0; path = WidgetStepCountExtension.appex; sourceTree = BUILT_PRODUCTS_DIR; };
		D302E1882DAF1C340096BF96 /* WidgetKit.framework */ = {isa = PBXFileReference; lastKnownFileType = wrapper.framework; name = WidgetKit.framework; path = System/Library/Frameworks/WidgetKit.framework; sourceTree = SDKROOT; };
		D302E18A2DAF1C340096BF96 /* SwiftUI.framework */ = {isa = PBXFileReference; lastKnownFileType = wrapper.framework; name = SwiftUI.framework; path = System/Library/Frameworks/SwiftUI.framework; sourceTree = SDKROOT; };
/* End PBXFileReference section */

/* Begin PBXFileSystemSynchronizedBuildFileExceptionSet section */
		D302E19C2DAF1C350096BF96 /* Exceptions for "WidgetStepCount" folder in "WidgetStepCountExtension" target */ = {
			isa = PBXFileSystemSynchronizedBuildFileExceptionSet;
			membershipExceptions = (
				Info.plist,
			);
			target = D302E1852DAF1C340096BF96 /* WidgetStepCountExtension */;
		};
/* End PBXFileSystemSynchronizedBuildFileExceptionSet section */

/* Begin PBXFileSystemSynchronizedRootGroup section */
		C0BE74042DAF038D002B89DF /* CountingSteps-Widget */ = {
			isa = PBXFileSystemSynchronizedRootGroup;
			path = "CountingSteps-Widget";
			sourceTree = "<group>";
		};
		D302E18C2DAF1C340096BF96 /* WidgetStepCount */ = {
			isa = PBXFileSystemSynchronizedRootGroup;
			exceptions = (
				D302E19C2DAF1C350096BF96 /* Exceptions for "WidgetStepCount" folder in "WidgetStepCountExtension" target */,
			);
			path = WidgetStepCount;
			sourceTree = "<group>";
		};
/* End PBXFileSystemSynchronizedRootGroup section */

/* Begin PBXFrameworksBuildPhase section */
		C0BE73FF2DAF038D002B89DF /* Frameworks */ = {
			isa = PBXFrameworksBuildPhase;
			buildActionMask = 2147483647;
			files = (
				C0BE742E2DAF274C002B89DF /* FirebaseAnalytics in Frameworks */,
				C0BE74322DAF274C002B89DF /* FirebaseCore in Frameworks */,
				C0BE74342DAF274C002B89DF /* FirebaseDatabase in Frameworks */,
				C0BE74362DAF274C002B89DF /* FirebaseFirestore in Frameworks */,
				C0BE74302DAF274C002B89DF /* FirebaseAuth in Frameworks */,
			);
			runOnlyForDeploymentPostprocessing = 0;
		};
		D302E1832DAF1C340096BF96 /* Frameworks */ = {
			isa = PBXFrameworksBuildPhase;
			buildActionMask = 2147483647;
			files = (
				D302E18B2DAF1C340096BF96 /* SwiftUI.framework in Frameworks */,
				D302E1892DAF1C340096BF96 /* WidgetKit.framework in Frameworks */,
			);
			runOnlyForDeploymentPostprocessing = 0;
		};
/* End PBXFrameworksBuildPhase section */

/* Begin PBXGroup section */
		C0BE73F92DAF038D002B89DF = {
			isa = PBXGroup;
			children = (
				C0BE74042DAF038D002B89DF /* CountingSteps-Widget */,
				D302E18C2DAF1C340096BF96 /* WidgetStepCount */,
				D302E1872DAF1C340096BF96 /* Frameworks */,
				C0BE74032DAF038D002B89DF /* Products */,
			);
			sourceTree = "<group>";
		};
		C0BE74032DAF038D002B89DF /* Products */ = {
			isa = PBXGroup;
			children = (
				C0BE74022DAF038D002B89DF /* CountingSteps-Widget.app */,
				D302E1862DAF1C340096BF96 /* WidgetStepCountExtension.appex */,
			);
			name = Products;
			sourceTree = "<group>";
		};
		D302E1872DAF1C340096BF96 /* Frameworks */ = {
			isa = PBXGroup;
			children = (
				D302E1882DAF1C340096BF96 /* WidgetKit.framework */,
				D302E18A2DAF1C340096BF96 /* SwiftUI.framework */,
			);
			name = Frameworks;
			sourceTree = "<group>";
		};
/* End PBXGroup section */

/* Begin PBXNativeTarget section */
		C0BE74012DAF038D002B89DF /* CountingSteps-Widget */ = {
			isa = PBXNativeTarget;
			buildConfigurationList = C0BE74102DAF0390002B89DF /* Build configuration list for PBXNativeTarget "CountingSteps-Widget" */;
			buildPhases = (
				C0BE73FE2DAF038D002B89DF /* Sources */,
				C0BE73FF2DAF038D002B89DF /* Frameworks */,
				C0BE74002DAF038D002B89DF /* Resources */,
				D302E1992DAF1C350096BF96 /* Embed Foundation Extensions */,
			);
			buildRules = (
			);
			dependencies = (
				D302E1972DAF1C350096BF96 /* PBXTargetDependency */,
			);
			fileSystemSynchronizedGroups = (
				C0BE74042DAF038D002B89DF /* CountingSteps-Widget */,
			);
			name = "CountingSteps-Widget";
			packageProductDependencies = (
				C0BE742D2DAF274C002B89DF /* FirebaseAnalytics */,
				C0BE742F2DAF274C002B89DF /* FirebaseAuth */,
				C0BE74312DAF274C002B89DF /* FirebaseCore */,
				C0BE74332DAF274C002B89DF /* FirebaseDatabase */,
				C0BE74352DAF274C002B89DF /* FirebaseFirestore */,
			);
			productName = "CountingSteps-Widget";
			productReference = C0BE74022DAF038D002B89DF /* CountingSteps-Widget.app */;
			productType = "com.apple.product-type.application";
		};
		D302E1852DAF1C340096BF96 /* WidgetStepCountExtension */ = {
			isa = PBXNativeTarget;
			buildConfigurationList = D302E19D2DAF1C350096BF96 /* Build configuration list for PBXNativeTarget "WidgetStepCountExtension" */;
			buildPhases = (
				D302E1822DAF1C340096BF96 /* Sources */,
				D302E1832DAF1C340096BF96 /* Frameworks */,
				D302E1842DAF1C340096BF96 /* Resources */,
			);
			buildRules = (
			);
			dependencies = (
			);
			fileSystemSynchronizedGroups = (
				D302E18C2DAF1C340096BF96 /* WidgetStepCount */,
			);
			name = WidgetStepCountExtension;
			packageProductDependencies = (
			);
			productName = WidgetStepCountExtension;
			productReference = D302E1862DAF1C340096BF96 /* WidgetStepCountExtension.appex */;
			productType = "com.apple.product-type.app-extension";
		};
/* End PBXNativeTarget section */

/* Begin PBXProject section */
		C0BE73FA2DAF038D002B89DF /* Project object */ = {
			isa = PBXProject;
			attributes = {
				BuildIndependentTargetsInParallel = 1;
				LastSwiftUpdateCheck = 1630;
				LastUpgradeCheck = 1620;
				TargetAttributes = {
					C0BE74012DAF038D002B89DF = {
						CreatedOnToolsVersion = 16.2;
					};
					D302E1852DAF1C340096BF96 = {
						CreatedOnToolsVersion = 16.3;
					};
				};
			};
			buildConfigurationList = C0BE73FD2DAF038D002B89DF /* Build configuration list for PBXProject "CountingSteps-Widget" */;
			developmentRegion = en;
			hasScannedForEncodings = 0;
			knownRegions = (
				en,
				Base,
			);
			mainGroup = C0BE73F92DAF038D002B89DF;
			minimizedProjectReferenceProxies = 1;
			packageReferences = (
				C0BE742C2DAF274C002B89DF /* XCRemoteSwiftPackageReference "firebase-ios-sdk" */,
			);
			preferredProjectObjectVersion = 77;
			productRefGroup = C0BE74032DAF038D002B89DF /* Products */;
			projectDirPath = "";
			projectRoot = "";
			targets = (
				C0BE74012DAF038D002B89DF /* CountingSteps-Widget */,
				D302E1852DAF1C340096BF96 /* WidgetStepCountExtension */,
			);
		};
/* End PBXProject section */

/* Begin PBXResourcesBuildPhase section */
		C0BE74002DAF038D002B89DF /* Resources */ = {
			isa = PBXResourcesBuildPhase;
			buildActionMask = 2147483647;
			files = (
			);
			runOnlyForDeploymentPostprocessing = 0;
		};
		D302E1842DAF1C340096BF96 /* Resources */ = {
			isa = PBXResourcesBuildPhase;
			buildActionMask = 2147483647;
			files = (
			);
			runOnlyForDeploymentPostprocessing = 0;
		};
/* End PBXResourcesBuildPhase section */

/* Begin PBXSourcesBuildPhase section */
		C0BE73FE2DAF038D002B89DF /* Sources */ = {
			isa = PBXSourcesBuildPhase;
			buildActionMask = 2147483647;
			files = (
			);
			runOnlyForDeploymentPostprocessing = 0;
		};
		D302E1822DAF1C340096BF96 /* Sources */ = {
			isa = PBXSourcesBuildPhase;
			buildActionMask = 2147483647;
			files = (
			);
			runOnlyForDeploymentPostprocessing = 0;
		};
/* End PBXSourcesBuildPhase section */

/* Begin PBXTargetDependency section */
		D302E1972DAF1C350096BF96 /* PBXTargetDependency */ = {
			isa = PBXTargetDependency;
			target = D302E1852DAF1C340096BF96 /* WidgetStepCountExtension */;
			targetProxy = D302E1962DAF1C350096BF96 /* PBXContainerItemProxy */;
		};
/* End PBXTargetDependency section */

/* Begin XCBuildConfiguration section */
		C0BE740E2DAF0390002B89DF /* Debug */ = {
			isa = XCBuildConfiguration;
			buildSettings = {
				ALWAYS_SEARCH_USER_PATHS = NO;
				ASSETCATALOG_COMPILER_GENERATE_SWIFT_ASSET_SYMBOL_EXTENSIONS = YES;
				CLANG_ANALYZER_NONNULL = YES;
				CLANG_ANALYZER_NUMBER_OBJECT_CONVERSION = YES_AGGRESSIVE;
				CLANG_CXX_LANGUAGE_STANDARD = "gnu++20";
				CLANG_ENABLE_MODULES = YES;
				CLANG_ENABLE_OBJC_ARC = YES;
				CLANG_ENABLE_OBJC_WEAK = YES;
				CLANG_WARN_BLOCK_CAPTURE_AUTORELEASING = YES;
				CLANG_WARN_BOOL_CONVERSION = YES;
				CLANG_WARN_COMMA = YES;
				CLANG_WARN_CONSTANT_CONVERSION = YES;
				CLANG_WARN_DEPRECATED_OBJC_IMPLEMENTATIONS = YES;
				CLANG_WARN_DIRECT_OBJC_ISA_USAGE = YES_ERROR;
				CLANG_WARN_DOCUMENTATION_COMMENTS = YES;
				CLANG_WARN_EMPTY_BODY = YES;
				CLANG_WARN_ENUM_CONVERSION = YES;
				CLANG_WARN_INFINITE_RECURSION = YES;
				CLANG_WARN_INT_CONVERSION = YES;
				CLANG_WARN_NON_LITERAL_NULL_CONVERSION = YES;
				CLANG_WARN_OBJC_IMPLICIT_RETAIN_SELF = YES;
				CLANG_WARN_OBJC_LITERAL_CONVERSION = YES;
				CLANG_WARN_OBJC_ROOT_CLASS = YES_ERROR;
				CLANG_WARN_QUOTED_INCLUDE_IN_FRAMEWORK_HEADER = YES;
				CLANG_WARN_RANGE_LOOP_ANALYSIS = YES;
				CLANG_WARN_STRICT_PROTOTYPES = YES;
				CLANG_WARN_SUSPICIOUS_MOVE = YES;
				CLANG_WARN_UNGUARDED_AVAILABILITY = YES_AGGRESSIVE;
				CLANG_WARN_UNREACHABLE_CODE = YES;
				CLANG_WARN__DUPLICATE_METHOD_MATCH = YES;
				COPY_PHASE_STRIP = NO;
				DEBUG_INFORMATION_FORMAT = dwarf;
				ENABLE_STRICT_OBJC_MSGSEND = YES;
				ENABLE_TESTABILITY = YES;
				ENABLE_USER_SCRIPT_SANDBOXING = YES;
				GCC_C_LANGUAGE_STANDARD = gnu17;
				GCC_DYNAMIC_NO_PIC = NO;
				GCC_NO_COMMON_BLOCKS = YES;
				GCC_OPTIMIZATION_LEVEL = 0;
				GCC_PREPROCESSOR_DEFINITIONS = (
					"DEBUG=1",
					"$(inherited)",
				);
				GCC_WARN_64_TO_32_BIT_CONVERSION = YES;
				GCC_WARN_ABOUT_RETURN_TYPE = YES_ERROR;
				GCC_WARN_UNDECLARED_SELECTOR = YES;
				GCC_WARN_UNINITIALIZED_AUTOS = YES_AGGRESSIVE;
				GCC_WARN_UNUSED_FUNCTION = YES;
				GCC_WARN_UNUSED_VARIABLE = YES;
				IPHONEOS_DEPLOYMENT_TARGET = 18.2;
				LOCALIZATION_PREFERS_STRING_CATALOGS = YES;
				MTL_ENABLE_DEBUG_INFO = INCLUDE_SOURCE;
				MTL_FAST_MATH = YES;
				ONLY_ACTIVE_ARCH = YES;
				SDKROOT = iphoneos;
				SWIFT_ACTIVE_COMPILATION_CONDITIONS = "DEBUG $(inherited)";
				SWIFT_OPTIMIZATION_LEVEL = "-Onone";
			};
			name = Debug;
		};
		C0BE740F2DAF0390002B89DF /* Release */ = {
			isa = XCBuildConfiguration;
			buildSettings = {
				ALWAYS_SEARCH_USER_PATHS = NO;
				ASSETCATALOG_COMPILER_GENERATE_SWIFT_ASSET_SYMBOL_EXTENSIONS = YES;
				CLANG_ANALYZER_NONNULL = YES;
				CLANG_ANALYZER_NUMBER_OBJECT_CONVERSION = YES_AGGRESSIVE;
				CLANG_CXX_LANGUAGE_STANDARD = "gnu++20";
				CLANG_ENABLE_MODULES = YES;
				CLANG_ENABLE_OBJC_ARC = YES;
				CLANG_ENABLE_OBJC_WEAK = YES;
				CLANG_WARN_BLOCK_CAPTURE_AUTORELEASING = YES;
				CLANG_WARN_BOOL_CONVERSION = YES;
				CLANG_WARN_COMMA = YES;
				CLANG_WARN_CONSTANT_CONVERSION = YES;
				CLANG_WARN_DEPRECATED_OBJC_IMPLEMENTATIONS = YES;
				CLANG_WARN_DIRECT_OBJC_ISA_USAGE = YES_ERROR;
				CLANG_WARN_DOCUMENTATION_COMMENTS = YES;
				CLANG_WARN_EMPTY_BODY = YES;
				CLANG_WARN_ENUM_CONVERSION = YES;
				CLANG_WARN_INFINITE_RECURSION = YES;
				CLANG_WARN_INT_CONVERSION = YES;
				CLANG_WARN_NON_LITERAL_NULL_CONVERSION = YES;
				CLANG_WARN_OBJC_IMPLICIT_RETAIN_SELF = YES;
				CLANG_WARN_OBJC_LITERAL_CONVERSION = YES;
				CLANG_WARN_OBJC_ROOT_CLASS = YES_ERROR;
				CLANG_WARN_QUOTED_INCLUDE_IN_FRAMEWORK_HEADER = YES;
				CLANG_WARN_RANGE_LOOP_ANALYSIS = YES;
				CLANG_WARN_STRICT_PROTOTYPES = YES;
				CLANG_WARN_SUSPICIOUS_MOVE = YES;
				CLANG_WARN_UNGUARDED_AVAILABILITY = YES_AGGRESSIVE;
				CLANG_WARN_UNREACHABLE_CODE = YES;
				CLANG_WARN__DUPLICATE_METHOD_MATCH = YES;
				COPY_PHASE_STRIP = NO;
				DEBUG_INFORMATION_FORMAT = "dwarf-with-dsym";
				ENABLE_NS_ASSERTIONS = NO;
				ENABLE_STRICT_OBJC_MSGSEND = YES;
				ENABLE_USER_SCRIPT_SANDBOXING = YES;
				GCC_C_LANGUAGE_STANDARD = gnu17;
				GCC_NO_COMMON_BLOCKS = YES;
				GCC_WARN_64_TO_32_BIT_CONVERSION = YES;
				GCC_WARN_ABOUT_RETURN_TYPE = YES_ERROR;
				GCC_WARN_UNDECLARED_SELECTOR = YES;
				GCC_WARN_UNINITIALIZED_AUTOS = YES_AGGRESSIVE;
				GCC_WARN_UNUSED_FUNCTION = YES;
				GCC_WARN_UNUSED_VARIABLE = YES;
				IPHONEOS_DEPLOYMENT_TARGET = 18.2;
				LOCALIZATION_PREFERS_STRING_CATALOGS = YES;
				MTL_ENABLE_DEBUG_INFO = NO;
				MTL_FAST_MATH = YES;
				SDKROOT = iphoneos;
				SWIFT_COMPILATION_MODE = wholemodule;
				VALIDATE_PRODUCT = YES;
			};
			name = Release;
		};
		C0BE74112DAF0390002B89DF /* Debug */ = {
			isa = XCBuildConfiguration;
			buildSettings = {
				ASSETCATALOG_COMPILER_APPICON_NAME = AppIcon;
				ASSETCATALOG_COMPILER_GLOBAL_ACCENT_COLOR_NAME = AccentColor;
				CODE_SIGN_ENTITLEMENTS = "CountingSteps-Widget/CountingSteps-Widget.entitlements";
				CODE_SIGN_STYLE = Automatic;
				CURRENT_PROJECT_VERSION = 1;
				DEVELOPMENT_ASSET_PATHS = "\"CountingSteps-Widget/Preview Content\"";
				DEVELOPMENT_TEAM = 4UTX7CL4U5;
				ENABLE_PREVIEWS = YES;
				GENERATE_INFOPLIST_FILE = YES;
				INFOPLIST_KEY_NSHealthShareUsageDescription = "This app uses your health data to show your daily steps, distance, and calories burned.";
				INFOPLIST_KEY_UIApplicationSceneManifest_Generation = YES;
				INFOPLIST_KEY_UIApplicationSupportsIndirectInputEvents = YES;
				INFOPLIST_KEY_UILaunchScreen_Generation = YES;
				INFOPLIST_KEY_UISupportedInterfaceOrientations_iPad = "UIInterfaceOrientationPortrait UIInterfaceOrientationPortraitUpsideDown UIInterfaceOrientationLandscapeLeft UIInterfaceOrientationLandscapeRight";
				INFOPLIST_KEY_UISupportedInterfaceOrientations_iPhone = "UIInterfaceOrientationPortrait UIInterfaceOrientationLandscapeLeft UIInterfaceOrientationLandscapeRight";
				LD_RUNPATH_SEARCH_PATHS = (
					"$(inherited)",
					"@executable_path/Frameworks",
				);
				MARKETING_VERSION = 1.0;
				PRODUCT_BUNDLE_IDENTIFIER = KevinLopez.CountingStepsWidget;
				PRODUCT_NAME = "$(TARGET_NAME)";
				SWIFT_EMIT_LOC_STRINGS = YES;
				SWIFT_VERSION = 5.0;
				TARGETED_DEVICE_FAMILY = "1,2";
			};
			name = Debug;
		};
		C0BE74122DAF0390002B89DF /* Release */ = {
			isa = XCBuildConfiguration;
			buildSettings = {
				ASSETCATALOG_COMPILER_APPICON_NAME = AppIcon;
				ASSETCATALOG_COMPILER_GLOBAL_ACCENT_COLOR_NAME = AccentColor;
				CODE_SIGN_ENTITLEMENTS = "CountingSteps-Widget/CountingSteps-Widget.entitlements";
				CODE_SIGN_STYLE = Automatic;
				CURRENT_PROJECT_VERSION = 1;
				DEVELOPMENT_ASSET_PATHS = "\"CountingSteps-Widget/Preview Content\"";
				DEVELOPMENT_TEAM = 4UTX7CL4U5;
				ENABLE_PREVIEWS = YES;
				GENERATE_INFOPLIST_FILE = YES;
				INFOPLIST_KEY_NSHealthShareUsageDescription = "This app uses your health data to show your daily steps, distance, and calories burned.";
				INFOPLIST_KEY_UIApplicationSceneManifest_Generation = YES;
				INFOPLIST_KEY_UIApplicationSupportsIndirectInputEvents = YES;
				INFOPLIST_KEY_UILaunchScreen_Generation = YES;
				INFOPLIST_KEY_UISupportedInterfaceOrientations_iPad = "UIInterfaceOrientationPortrait UIInterfaceOrientationPortraitUpsideDown UIInterfaceOrientationLandscapeLeft UIInterfaceOrientationLandscapeRight";
				INFOPLIST_KEY_UISupportedInterfaceOrientations_iPhone = "UIInterfaceOrientationPortrait UIInterfaceOrientationLandscapeLeft UIInterfaceOrientationLandscapeRight";
				LD_RUNPATH_SEARCH_PATHS = (
					"$(inherited)",
					"@executable_path/Frameworks",
				);
				MARKETING_VERSION = 1.0;
				PRODUCT_BUNDLE_IDENTIFIER = KevinLopez.CountingStepsWidget;
				PRODUCT_NAME = "$(TARGET_NAME)";
				SWIFT_EMIT_LOC_STRINGS = YES;
				SWIFT_VERSION = 5.0;
				TARGETED_DEVICE_FAMILY = "1,2";
			};
			name = Release;
		};
		D302E19A2DAF1C350096BF96 /* Debug */ = {
			isa = XCBuildConfiguration;
			buildSettings = {
				ASSETCATALOG_COMPILER_GLOBAL_ACCENT_COLOR_NAME = AccentColor;
				ASSETCATALOG_COMPILER_WIDGET_BACKGROUND_COLOR_NAME = WidgetBackground;
				CODE_SIGN_STYLE = Automatic;
				CURRENT_PROJECT_VERSION = 1;
				DEVELOPMENT_TEAM = R53S7JGW85;
				GENERATE_INFOPLIST_FILE = YES;
				INFOPLIST_FILE = WidgetStepCount/Info.plist;
				INFOPLIST_KEY_CFBundleDisplayName = WidgetStepCount;
				INFOPLIST_KEY_NSHumanReadableCopyright = "";
				IPHONEOS_DEPLOYMENT_TARGET = 18.4;
				LD_RUNPATH_SEARCH_PATHS = (
					"$(inherited)",
					"@executable_path/Frameworks",
					"@executable_path/../../Frameworks",
				);
				MARKETING_VERSION = 1.0;
				PRODUCT_BUNDLE_IDENTIFIER = "alaneckhaus.CountingSteps-Widget.WidgetStepCount";
				PRODUCT_NAME = "$(TARGET_NAME)";
				SKIP_INSTALL = YES;
				SWIFT_EMIT_LOC_STRINGS = YES;
				SWIFT_VERSION = 5.0;
				TARGETED_DEVICE_FAMILY = "1,2";
			};
			name = Debug;
		};
		D302E19B2DAF1C350096BF96 /* Release */ = {
			isa = XCBuildConfiguration;
			buildSettings = {
				ASSETCATALOG_COMPILER_GLOBAL_ACCENT_COLOR_NAME = AccentColor;
				ASSETCATALOG_COMPILER_WIDGET_BACKGROUND_COLOR_NAME = WidgetBackground;
				CODE_SIGN_STYLE = Automatic;
				CURRENT_PROJECT_VERSION = 1;
				DEVELOPMENT_TEAM = R53S7JGW85;
				GENERATE_INFOPLIST_FILE = YES;
				INFOPLIST_FILE = WidgetStepCount/Info.plist;
				INFOPLIST_KEY_CFBundleDisplayName = WidgetStepCount;
				INFOPLIST_KEY_NSHumanReadableCopyright = "";
				IPHONEOS_DEPLOYMENT_TARGET = 18.4;
				LD_RUNPATH_SEARCH_PATHS = (
					"$(inherited)",
					"@executable_path/Frameworks",
					"@executable_path/../../Frameworks",
				);
				MARKETING_VERSION = 1.0;
				PRODUCT_BUNDLE_IDENTIFIER = "alaneckhaus.CountingSteps-Widget.WidgetStepCount";
				PRODUCT_NAME = "$(TARGET_NAME)";
				SKIP_INSTALL = YES;
				SWIFT_EMIT_LOC_STRINGS = YES;
				SWIFT_VERSION = 5.0;
				TARGETED_DEVICE_FAMILY = "1,2";
			};
			name = Release;
		};
/* End XCBuildConfiguration section */

/* Begin XCConfigurationList section */
		C0BE73FD2DAF038D002B89DF /* Build configuration list for PBXProject "CountingSteps-Widget" */ = {
			isa = XCConfigurationList;
			buildConfigurations = (
				C0BE740E2DAF0390002B89DF /* Debug */,
				C0BE740F2DAF0390002B89DF /* Release */,
			);
			defaultConfigurationIsVisible = 0;
			defaultConfigurationName = Release;
		};
		C0BE74102DAF0390002B89DF /* Build configuration list for PBXNativeTarget "CountingSteps-Widget" */ = {
			isa = XCConfigurationList;
			buildConfigurations = (
				C0BE74112DAF0390002B89DF /* Debug */,
				C0BE74122DAF0390002B89DF /* Release */,
			);
			defaultConfigurationIsVisible = 0;
			defaultConfigurationName = Release;
		};
		D302E19D2DAF1C350096BF96 /* Build configuration list for PBXNativeTarget "WidgetStepCountExtension" */ = {
			isa = XCConfigurationList;
			buildConfigurations = (
				D302E19A2DAF1C350096BF96 /* Debug */,
				D302E19B2DAF1C350096BF96 /* Release */,
			);
			defaultConfigurationIsVisible = 0;
			defaultConfigurationName = Release;
		};
/* End XCConfigurationList section */

/* Begin XCRemoteSwiftPackageReference section */
		C0BE742C2DAF274C002B89DF /* XCRemoteSwiftPackageReference "firebase-ios-sdk" */ = {
			isa = XCRemoteSwiftPackageReference;
			repositoryURL = "https://github.com/firebase/firebase-ios-sdk";
			requirement = {
				kind = upToNextMajorVersion;
				minimumVersion = 11.11.0;
			};
		};
/* End XCRemoteSwiftPackageReference section */

/* Begin XCSwiftPackageProductDependency section */
		C0BE742D2DAF274C002B89DF /* FirebaseAnalytics */ = {
			isa = XCSwiftPackageProductDependency;
			package = C0BE742C2DAF274C002B89DF /* XCRemoteSwiftPackageReference "firebase-ios-sdk" */;
			productName = FirebaseAnalytics;
		};
		C0BE742F2DAF274C002B89DF /* FirebaseAuth */ = {
			isa = XCSwiftPackageProductDependency;
			package = C0BE742C2DAF274C002B89DF /* XCRemoteSwiftPackageReference "firebase-ios-sdk" */;
			productName = FirebaseAuth;
		};
		C0BE74312DAF274C002B89DF /* FirebaseCore */ = {
			isa = XCSwiftPackageProductDependency;
			package = C0BE742C2DAF274C002B89DF /* XCRemoteSwiftPackageReference "firebase-ios-sdk" */;
			productName = FirebaseCore;
		};
		C0BE74332DAF274C002B89DF /* FirebaseDatabase */ = {
			isa = XCSwiftPackageProductDependency;
			package = C0BE742C2DAF274C002B89DF /* XCRemoteSwiftPackageReference "firebase-ios-sdk" */;
			productName = FirebaseDatabase;
		};
		C0BE74352DAF274C002B89DF /* FirebaseFirestore */ = {
			isa = XCSwiftPackageProductDependency;
			package = C0BE742C2DAF274C002B89DF /* XCRemoteSwiftPackageReference "firebase-ios-sdk" */;
			productName = FirebaseFirestore;
		};
/* End XCSwiftPackageProductDependency section */
	};
	rootObject = C0BE73FA2DAF038D002B89DF /* Project object */;
}
